
Microsoft Visual Studio Solution File, Format Version 12.00
# Visual Studio Version 16
VisualStudioVersion = 16.0.29424.173
MinimumVisualStudioVersion = 10.0.40219.1
Project("{9A19103F-16F7-4668-BE54-9A1E7A4F7556}") = "ILusion", "ILusion\ILusion.csproj", "{BCFEC59E-93BE-498C-A7FC-F5D398F96ED1}"
EndProject
Project("{FAE04EC0-301F-11D3-BF4B-00C04F79EFBC}") = "ILusion.Tests.Sample", "ILusion.Tests.Sample\ILusion.Tests.Sample.csproj", "{AE3B1FB5-0DCD-42FA-AC71-979D374C8719}"
EndProject
Project("{FAE04EC0-301F-11D3-BF4B-00C04F79EFBC}") = "ILusion.Tests", "ILusion.Tests\ILusion.Tests.csproj", "{7CA0F96A-055B-46DA-B87C-1297F65378EA}"
EndProject
Global
	GlobalSection(SolutionConfigurationPlatforms) = preSolution
		Debug|Any CPU = Debug|Any CPU
		Release|Any CPU = Release|Any CPU
	EndGlobalSection
	GlobalSection(ProjectConfigurationPlatforms) = postSolution
		{BCFEC59E-93BE-498C-A7FC-F5D398F96ED1}.Debug|Any CPU.ActiveCfg = Debug|Any CPU
		{BCFEC59E-93BE-498C-A7FC-F5D398F96ED1}.Debug|Any CPU.Build.0 = Debug|Any CPU
		{BCFEC59E-93BE-498C-A7FC-F5D398F96ED1}.Release|Any CPU.ActiveCfg = Release|Any CPU
		{BCFEC59E-93BE-498C-A7FC-F5D398F96ED1}.Release|Any CPU.Build.0 = Release|Any CPU
		{AE3B1FB5-0DCD-42FA-AC71-979D374C8719}.Debug|Any CPU.ActiveCfg = Debug|Any CPU
		{AE3B1FB5-0DCD-42FA-AC71-979D374C8719}.Debug|Any CPU.Build.0 = Debug|Any CPU
		{AE3B1FB5-0DCD-42FA-AC71-979D374C8719}.Release|Any CPU.ActiveCfg = Release|Any CPU
		{AE3B1FB5-0DCD-42FA-AC71-979D374C8719}.Release|Any CPU.Build.0 = Release|Any CPU
		{7CA0F96A-055B-46DA-B87C-1297F65378EA}.Debug|Any CPU.ActiveCfg = Debug|Any CPU
		{7CA0F96A-055B-46DA-B87C-1297F65378EA}.Debug|Any CPU.Build.0 = Debug|Any CPU
		{7CA0F96A-055B-46DA-B87C-1297F65378EA}.Release|Any CPU.ActiveCfg = Release|Any CPU
		{7CA0F96A-055B-46DA-B87C-1297F65378EA}.Release|Any CPU.Build.0 = Release|Any CPU
	EndGlobalSection
	GlobalSection(SolutionProperties) = preSolution
		HideSolutionNode = FALSE
	EndGlobalSection
	GlobalSection(ExtensibilityGlobals) = postSolution
		SolutionGuid = {EF95A4CD-17E9-4A73-AFA8-D749D1DB8937}
	EndGlobalSection
EndGlobal
